
Microsoft Visual Studio Solution File, Format Version 12.00
# Visual Studio 15
VisualStudioVersion = 15.0.27428.2005
MinimumVisualStudioVersion = 10.0.40219.1
Project("{FAE04EC0-301F-11D3-BF4B-00C04F79EFBC}") = "TestFileAndDirectory", "TestFileAndDirectory\TestFileAndDirectory.csproj", "{EBD2FB3F-672A-42A4-B32B-9CA4436ED9A6}"
EndProject
Global
	GlobalSection(SolutionConfigurationPlatforms) = preSolution
		Debug|Any CPU = Debug|Any CPU
		Release|Any CPU = Release|Any CPU
	EndGlobalSection
	GlobalSection(ProjectConfigurationPlatforms) = postSolution
		{EBD2FB3F-672A-42A4-B32B-9CA4436ED9A6}.Debug|Any CPU.ActiveCfg = Debug|Any CPU
		{EBD2FB3F-672A-42A4-B32B-9CA4436ED9A6}.Debug|Any CPU.Build.0 = Debug|Any CPU
		{EBD2FB3F-672A-42A4-B32B-9CA4436ED9A6}.Release|Any CPU.ActiveCfg = Release|Any CPU
		{EBD2FB3F-672A-42A4-B32B-9CA4436ED9A6}.Release|Any CPU.Build.0 = Release|Any CPU
	EndGlobalSection
	GlobalSection(SolutionProperties) = preSolution
		HideSolutionNode = FALSE
	EndGlobalSection
	GlobalSection(ExtensibilityGlobals) = postSolution
		SolutionGuid = {41A522F9-B85E-465A-8E6B-9FD210C19686}
	EndGlobalSection
EndGlobal
